// !$*UTF8*$!
{
	archiveVersion = 1;
	classes = {
	};
	objectVersion = 77;
	objects = {

/* Begin PBXBuildFile section */
		08364B18C184672BC4DCC80D /* PreferencesManagerTests.swift in Sources */ = {isa = PBXBuildFile; fileRef = BFB9D0B03FFCB14312D69EE6 /* PreferencesManagerTests.swift */; };
		0898E1D909D479F2C79E4373 /* SessionStore.swift in Sources */ = {isa = PBXBuildFile; fileRef = C768E02CA065CA1D7DEE1FA1 /* SessionStore.swift */; };
		0C914BF8249E47E80F152B3B /* FocusSelectorView.swift in Sources */ = {isa = PBXBuildFile; fileRef = 3982EC13444D3DD0C64C6289 /* FocusSelectorView.swift */; };
		0CBDFB153E56918D82E80DAA /* SettingsWindow.swift in Sources */ = {isa = PBXBuildFile; fileRef = FE2039A425952346CFF25084 /* SettingsWindow.swift */; };
		1743D0D1F74C96658C4D3E4B /* ExitTriggerPanel.swift in Sources */ = {isa = PBXBuildFile; fileRef = 1F501794C2A1138E0D5DC251 /* ExitTriggerPanel.swift */; };
		19C9E86A187110566C4B942E /* AppContext.swift in Sources */ = {isa = PBXBuildFile; fileRef = E8F1A92492F2CBDB3EA0FE7C /* AppContext.swift */; };
		1E006078EAC0AA996A814127 /* AppSwitchMonitor.swift in Sources */ = {isa = PBXBuildFile; fileRef = 055CF6259893555E64D5243E /* AppSwitchMonitor.swift */; };
		262E8B40A3424BF45EC3C99E /* PreferencesStepView.swift in Sources */ = {isa = PBXBuildFile; fileRef = 7D1CEBAC830A614CA5BEAB45 /* PreferencesStepView.swift */; };
		290767EA16581CB2A1169FDD /* FocusEngine.swift in Sources */ = {isa = PBXBuildFile; fileRef = 15D53D97BECA3DCEAA8D230C /* FocusEngine.swift */; };
		2DB0FD11A2B1EF8A657F9629 /* SessionEventTests.swift in Sources */ = {isa = PBXBuildFile; fileRef = 3058CF575725A76AA636A1E0 /* SessionEventTests.swift */; };
		2DEB0051733BF8645D76D2D0 /* AppContextTests.swift in Sources */ = {isa = PBXBuildFile; fileRef = 328B7E551F55E78F4A6EC4AC /* AppContextTests.swift */; };
		33A1BC2B5EFC0D501623D580 /* MenuBarViewModel.swift in Sources */ = {isa = PBXBuildFile; fileRef = BEBBA0476F4D61399554B095 /* MenuBarViewModel.swift */; };
		36B3754E6E82E1AFA0C10577 /* WelcomeStepView.swift in Sources */ = {isa = PBXBuildFile; fileRef = B78758D25CD8C999FD15A796 /* WelcomeStepView.swift */; };
		411980D973B29B0635325ECD /* MenuBarController.swift in Sources */ = {isa = PBXBuildFile; fileRef = FBAC28B4CDAFC9698F760F72 /* MenuBarController.swift */; };
		5B9CB179C7AEE9AF51383A9C /* MenuBarIcon@2x.png in Resources */ = {isa = PBXBuildFile; fileRef = 912CC0FB53139FAAD5B9FDEF /* MenuBarIcon@2x.png */; };
		5F48A46C45686C6963AD133C /* OnboardingStyles.swift in Sources */ = {isa = PBXBuildFile; fileRef = E660DD81E6CC240E484CE4C7 /* OnboardingStyles.swift */; };
		6242214FC28546CE056888BD /* ExitTriggerView.swift in Sources */ = {isa = PBXBuildFile; fileRef = 9D9380E68D45E01039C348E7 /* ExitTriggerView.swift */; };
		625FD3A22472B26DEA1FFD96 /* MenuBarPopoverView.swift in Sources */ = {isa = PBXBuildFile; fileRef = EFF7E5FB937C59484CC841BC /* MenuBarPopoverView.swift */; };
		6290D5075FEED3A85EBFB9B0 /* EndSessionButton.swift in Sources */ = {isa = PBXBuildFile; fileRef = CE2BCFE283D7CA4B2E2EB4BD /* EndSessionButton.swift */; };
		688866CBB970EC1CD1809827 /* SessionStateTests.swift in Sources */ = {isa = PBXBuildFile; fileRef = D63E9AC18838A3F1C03109E4 /* SessionStateTests.swift */; };
		69CC66D5096A62F967A43B8A /* CountdownPillPanel.swift in Sources */ = {isa = PBXBuildFile; fileRef = CA540ABA44677771255048D4 /* CountdownPillPanel.swift */; };
		6DDA8103ADEF9ABD89FFA8C6 /* PreferencesManager.swift in Sources */ = {isa = PBXBuildFile; fileRef = BAA485DCC53DBCE8BCDC7282 /* PreferencesManager.swift */; };
		731547692494E167DCDF3D64 /* AppDelegate.swift in Sources */ = {isa = PBXBuildFile; fileRef = F08F562B574040DAB01BCB16 /* AppDelegate.swift */; };
		7F4F726FBF01671128DEC4F6 /* FocusEngineTests.swift in Sources */ = {isa = PBXBuildFile; fileRef = 8249D2E929A14657FA6CE113 /* FocusEngineTests.swift */; };
		8594FD93A2757E7B9EF71E7E /* AudioEngineTests.swift in Sources */ = {isa = PBXBuildFile; fileRef = A9B36915A7E4129AEE36A2A5 /* AudioEngineTests.swift */; };
		88363A391ED629DD4D45F9AE /* DistractionListManager.swift in Sources */ = {isa = PBXBuildFile; fileRef = FFC94593FA6329F1D50CDAF8 /* DistractionListManager.swift */; };
		8B1F82D99701CFF3D3AD729E /* OnboardingWindow.swift in Sources */ = {isa = PBXBuildFile; fileRef = 39BFF095300ABF407B95F6C5 /* OnboardingWindow.swift */; };
		8C2BAE29AE031C98BE99A30F /* OverlayManagerTests.swift in Sources */ = {isa = PBXBuildFile; fileRef = 5C6C78E1D393609BD65FE32F /* OverlayManagerTests.swift */; };
		94C5E743F3E610D694EF5356 /* CountdownPillView.swift in Sources */ = {isa = PBXBuildFile; fileRef = 1220D6AE60C0F759D8296E1A /* CountdownPillView.swift */; };
		96C73D6D77CF269BA0DE321A /* FocusEngineDelegate.swift in Sources */ = {isa = PBXBuildFile; fileRef = 23322D309C3A9928241E1837 /* FocusEngineDelegate.swift */; };
		9B843D63BA2A065C90DFE018 /* SessionEvent.swift in Sources */ = {isa = PBXBuildFile; fileRef = B4682A463E2D559CE6B1D0AA /* SessionEvent.swift */; };
		9D8BD1EE044B988F2D8961A2 /* main.swift in Sources */ = {isa = PBXBuildFile; fileRef = CD42072323E1741B2CA7D798 /* main.swift */; };
		9F9817B5DB0EB81764C2EE9D /* AudioEngine.swift in Sources */ = {isa = PBXBuildFile; fileRef = 5D64DC7AD1EC0198BCD5278F /* AudioEngine.swift */; };
		A4EF0466416ACE31970F3A48 /* chime.aiff in Resources */ = {isa = PBXBuildFile; fileRef = E18E258662D42EBC6488F91A /* chime.aiff */; };
		A8F3641E00DFEEA0E29DB743 /* ActiveSession.swift in Sources */ = {isa = PBXBuildFile; fileRef = D6CB79C892161E4E97E178B3 /* ActiveSession.swift */; };
		AA290FE8060A7B67B0C6A886 /* SessionState.swift in Sources */ = {isa = PBXBuildFile; fileRef = BE1329E346FFCBC05734B487 /* SessionState.swift */; };
		B1157FA3C895E7B9E23A50EF /* SessionStoreTests.swift in Sources */ = {isa = PBXBuildFile; fileRef = D39F8978EADF73CC01A263C3 /* SessionStoreTests.swift */; };
		C093ABABEE8019EF980C59AB /* OverlayManager.swift in Sources */ = {isa = PBXBuildFile; fileRef = 9BD6369C820607FA8CD93696 /* OverlayManager.swift */; };
		C5A6DADBADEA3B3FBC84BE28 /* DistractionListManagerTests.swift in Sources */ = {isa = PBXBuildFile; fileRef = 57C7E97FA545B2D18F1E0640 /* DistractionListManagerTests.swift */; };
		CA116CB5CA56B753DD29959F /* MenuBarIcon.png in Resources */ = {isa = PBXBuildFile; fileRef = 93B54E3FA8FB450EFF0ABF26 /* MenuBarIcon.png */; };
		CE83A9DE59657E38FC62B715 /* OnboardingView.swift in Sources */ = {isa = PBXBuildFile; fileRef = 6378631B137FE7F61A108170 /* OnboardingView.swift */; };
		CEBFC1B34CE169D1FE7F1AA3 /* pop.aiff in Resources */ = {isa = PBXBuildFile; fileRef = 5D52C0CE67A0FE6BA7B1D6D0 /* pop.aiff */; };
		DC1AF71419CFB4D036F029B2 /* MenuBarIcon@3x.png in Resources */ = {isa = PBXBuildFile; fileRef = 21323924F94BC23120C70971 /* MenuBarIcon@3x.png */; };
		E06A79F060159F8612E480F8 /* DistractionSelectorView.swift in Sources */ = {isa = PBXBuildFile; fileRef = 4F1AE35847255365E853F54B /* DistractionSelectorView.swift */; };
		E0F2E91C4228049F75557AB4 /* tick.aiff in Resources */ = {isa = PBXBuildFile; fileRef = 59EFE8DE96A20C73B705EA1C /* tick.aiff */; };
		E30F62ED0C417B3D026E3858 /* AppIcon.icns in Resources */ = {isa = PBXBuildFile; fileRef = 89AE7E5AD320F836CAD0DA8A /* AppIcon.icns */; };
		E35C3DBDC32DFFF3612FB630 /* FocusListManager.swift in Sources */ = {isa = PBXBuildFile; fileRef = 9A2426D00ED298F6420B487C /* FocusListManager.swift */; };
		EBF044A0F7DAB018B099A1F5 /* HowItWorksStepView.swift in Sources */ = {isa = PBXBuildFile; fileRef = 8E7DC41DB9DDAD4A01152904 /* HowItWorksStepView.swift */; };
		F04BB021A252DF3257FCF194 /* SettingsView.swift in Sources */ = {isa = PBXBuildFile; fileRef = CEF014644781407A98F16872 /* SettingsView.swift */; };
		F5CBBF80ADDBA58309A763B3 /* ActivityMonitor.swift in Sources */ = {isa = PBXBuildFile; fileRef = 791ECBB7CBC59FA58AD4C65B /* ActivityMonitor.swift */; };
		F98441E9E71E77D7B43C5CF0 /* DimOverlayWindow.swift in Sources */ = {isa = PBXBuildFile; fileRef = 146E5F04E3AE1CE070DE10AC /* DimOverlayWindow.swift */; };
/* End PBXBuildFile section */

/* Begin PBXContainerItemProxy section */
		3C1C23DE5E75B107CB70CAC0 /* PBXContainerItemProxy */ = {
			isa = PBXContainerItemProxy;
			containerPortal = FD84D49EF9D10B63AEDE9C76 /* Project object */;
			proxyType = 1;
			remoteGlobalIDString = B688C0B300C8B1EF44B70441;
			remoteInfo = Anchored;
		};
/* End PBXContainerItemProxy section */

/* Begin PBXFileReference section */
		055CF6259893555E64D5243E /* AppSwitchMonitor.swift */ = {isa = PBXFileReference; lastKnownFileType = sourcecode.swift; path = AppSwitchMonitor.swift; sourceTree = "<group>"; };
		066A5B1051D2A222D5AA0296 /* Anchored.app */ = {isa = PBXFileReference; explicitFileType = wrapper.application; includeInIndex = 0; path = Anchored.app; sourceTree = BUILT_PRODUCTS_DIR; };
		1220D6AE60C0F759D8296E1A /* CountdownPillView.swift */ = {isa = PBXFileReference; lastKnownFileType = sourcecode.swift; path = CountdownPillView.swift; sourceTree = "<group>"; };
		146E5F04E3AE1CE070DE10AC /* DimOverlayWindow.swift */ = {isa = PBXFileReference; lastKnownFileType = sourcecode.swift; path = DimOverlayWindow.swift; sourceTree = "<group>"; };
		15D53D97BECA3DCEAA8D230C /* FocusEngine.swift */ = {isa = PBXFileReference; lastKnownFileType = sourcecode.swift; path = FocusEngine.swift; sourceTree = "<group>"; };
		1F501794C2A1138E0D5DC251 /* ExitTriggerPanel.swift */ = {isa = PBXFileReference; lastKnownFileType = sourcecode.swift; path = ExitTriggerPanel.swift; sourceTree = "<group>"; };
		21323924F94BC23120C70971 /* MenuBarIcon@3x.png */ = {isa = PBXFileReference; lastKnownFileType = image.png; path = "MenuBarIcon@3x.png"; sourceTree = "<group>"; };
		23322D309C3A9928241E1837 /* FocusEngineDelegate.swift */ = {isa = PBXFileReference; lastKnownFileType = sourcecode.swift; path = FocusEngineDelegate.swift; sourceTree = "<group>"; };
		3058CF575725A76AA636A1E0 /* SessionEventTests.swift */ = {isa = PBXFileReference; lastKnownFileType = sourcecode.swift; path = SessionEventTests.swift; sourceTree = "<group>"; };
		328B7E551F55E78F4A6EC4AC /* AppContextTests.swift */ = {isa = PBXFileReference; lastKnownFileType = sourcecode.swift; path = AppContextTests.swift; sourceTree = "<group>"; };
		3982EC13444D3DD0C64C6289 /* FocusSelectorView.swift */ = {isa = PBXFileReference; lastKnownFileType = sourcecode.swift; path = FocusSelectorView.swift; sourceTree = "<group>"; };
		39BFF095300ABF407B95F6C5 /* OnboardingWindow.swift */ = {isa = PBXFileReference; lastKnownFileType = sourcecode.swift; path = OnboardingWindow.swift; sourceTree = "<group>"; };
		4F1AE35847255365E853F54B /* DistractionSelectorView.swift */ = {isa = PBXFileReference; lastKnownFileType = sourcecode.swift; path = DistractionSelectorView.swift; sourceTree = "<group>"; };
		57C7E97FA545B2D18F1E0640 /* DistractionListManagerTests.swift */ = {isa = PBXFileReference; lastKnownFileType = sourcecode.swift; path = DistractionListManagerTests.swift; sourceTree = "<group>"; };
		59EFE8DE96A20C73B705EA1C /* tick.aiff */ = {isa = PBXFileReference; lastKnownFileType = audio.aiff; path = tick.aiff; sourceTree = "<group>"; };
		5C6C78E1D393609BD65FE32F /* OverlayManagerTests.swift */ = {isa = PBXFileReference; lastKnownFileType = sourcecode.swift; path = OverlayManagerTests.swift; sourceTree = "<group>"; };
		5D52C0CE67A0FE6BA7B1D6D0 /* pop.aiff */ = {isa = PBXFileReference; lastKnownFileType = audio.aiff; path = pop.aiff; sourceTree = "<group>"; };
		5D64DC7AD1EC0198BCD5278F /* AudioEngine.swift */ = {isa = PBXFileReference; lastKnownFileType = sourcecode.swift; path = AudioEngine.swift; sourceTree = "<group>"; };
		6378631B137FE7F61A108170 /* OnboardingView.swift */ = {isa = PBXFileReference; lastKnownFileType = sourcecode.swift; path = OnboardingView.swift; sourceTree = "<group>"; };
		791ECBB7CBC59FA58AD4C65B /* ActivityMonitor.swift */ = {isa = PBXFileReference; lastKnownFileType = sourcecode.swift; path = ActivityMonitor.swift; sourceTree = "<group>"; };
		7CC5D407A725BBB868D49200 /* AnchoredTests.xctest */ = {isa = PBXFileReference; explicitFileType = wrapper.cfbundle; includeInIndex = 0; path = AnchoredTests.xctest; sourceTree = BUILT_PRODUCTS_DIR; };
		7D1CEBAC830A614CA5BEAB45 /* PreferencesStepView.swift */ = {isa = PBXFileReference; lastKnownFileType = sourcecode.swift; path = PreferencesStepView.swift; sourceTree = "<group>"; };
		8249D2E929A14657FA6CE113 /* FocusEngineTests.swift */ = {isa = PBXFileReference; lastKnownFileType = sourcecode.swift; path = FocusEngineTests.swift; sourceTree = "<group>"; };
		89AE7E5AD320F836CAD0DA8A /* AppIcon.icns */ = {isa = PBXFileReference; lastKnownFileType = image.icns; path = AppIcon.icns; sourceTree = "<group>"; };
		8E7DC41DB9DDAD4A01152904 /* HowItWorksStepView.swift */ = {isa = PBXFileReference; lastKnownFileType = sourcecode.swift; path = HowItWorksStepView.swift; sourceTree = "<group>"; };
		912CC0FB53139FAAD5B9FDEF /* MenuBarIcon@2x.png */ = {isa = PBXFileReference; lastKnownFileType = image.png; path = "MenuBarIcon@2x.png"; sourceTree = "<group>"; };
		93B54E3FA8FB450EFF0ABF26 /* MenuBarIcon.png */ = {isa = PBXFileReference; lastKnownFileType = image.png; path = MenuBarIcon.png; sourceTree = "<group>"; };
		9A2426D00ED298F6420B487C /* FocusListManager.swift */ = {isa = PBXFileReference; lastKnownFileType = sourcecode.swift; path = FocusListManager.swift; sourceTree = "<group>"; };
		9BD6369C820607FA8CD93696 /* OverlayManager.swift */ = {isa = PBXFileReference; lastKnownFileType = sourcecode.swift; path = OverlayManager.swift; sourceTree = "<group>"; };
		9D9380E68D45E01039C348E7 /* ExitTriggerView.swift */ = {isa = PBXFileReference; lastKnownFileType = sourcecode.swift; path = ExitTriggerView.swift; sourceTree = "<group>"; };
		A9B36915A7E4129AEE36A2A5 /* AudioEngineTests.swift */ = {isa = PBXFileReference; lastKnownFileType = sourcecode.swift; path = AudioEngineTests.swift; sourceTree = "<group>"; };
		B02FBE2FC7D3ECBFDFD92E19 /* Info.plist */ = {isa = PBXFileReference; lastKnownFileType = text.plist; path = Info.plist; sourceTree = "<group>"; };
		B4682A463E2D559CE6B1D0AA /* SessionEvent.swift */ = {isa = PBXFileReference; lastKnownFileType = sourcecode.swift; path = SessionEvent.swift; sourceTree = "<group>"; };
		B78758D25CD8C999FD15A796 /* WelcomeStepView.swift */ = {isa = PBXFileReference; lastKnownFileType = sourcecode.swift; path = WelcomeStepView.swift; sourceTree = "<group>"; };
		BAA485DCC53DBCE8BCDC7282 /* PreferencesManager.swift */ = {isa = PBXFileReference; lastKnownFileType = sourcecode.swift; path = PreferencesManager.swift; sourceTree = "<group>"; };
		BE1329E346FFCBC05734B487 /* SessionState.swift */ = {isa = PBXFileReference; lastKnownFileType = sourcecode.swift; path = SessionState.swift; sourceTree = "<group>"; };
		BEBBA0476F4D61399554B095 /* MenuBarViewModel.swift */ = {isa = PBXFileReference; lastKnownFileType = sourcecode.swift; path = MenuBarViewModel.swift; sourceTree = "<group>"; };
		BFB9D0B03FFCB14312D69EE6 /* PreferencesManagerTests.swift */ = {isa = PBXFileReference; lastKnownFileType = sourcecode.swift; path = PreferencesManagerTests.swift; sourceTree = "<group>"; };
		C768E02CA065CA1D7DEE1FA1 /* SessionStore.swift */ = {isa = PBXFileReference; lastKnownFileType = sourcecode.swift; path = SessionStore.swift; sourceTree = "<group>"; };
		CA540ABA44677771255048D4 /* CountdownPillPanel.swift */ = {isa = PBXFileReference; lastKnownFileType = sourcecode.swift; path = CountdownPillPanel.swift; sourceTree = "<group>"; };
		CD42072323E1741B2CA7D798 /* main.swift */ = {isa = PBXFileReference; lastKnownFileType = sourcecode.swift; path = main.swift; sourceTree = "<group>"; };
		CE2BCFE283D7CA4B2E2EB4BD /* EndSessionButton.swift */ = {isa = PBXFileReference; lastKnownFileType = sourcecode.swift; path = EndSessionButton.swift; sourceTree = "<group>"; };
		CEF014644781407A98F16872 /* SettingsView.swift */ = {isa = PBXFileReference; lastKnownFileType = sourcecode.swift; path = SettingsView.swift; sourceTree = "<group>"; };
		D39F8978EADF73CC01A263C3 /* SessionStoreTests.swift */ = {isa = PBXFileReference; lastKnownFileType = sourcecode.swift; path = SessionStoreTests.swift; sourceTree = "<group>"; };
		D63E9AC18838A3F1C03109E4 /* SessionStateTests.swift */ = {isa = PBXFileReference; lastKnownFileType = sourcecode.swift; path = SessionStateTests.swift; sourceTree = "<group>"; };
		D6CB79C892161E4E97E178B3 /* ActiveSession.swift */ = {isa = PBXFileReference; lastKnownFileType = sourcecode.swift; path = ActiveSession.swift; sourceTree = "<group>"; };
		E18E258662D42EBC6488F91A /* chime.aiff */ = {isa = PBXFileReference; lastKnownFileType = audio.aiff; path = chime.aiff; sourceTree = "<group>"; };
		E660DD81E6CC240E484CE4C7 /* OnboardingStyles.swift */ = {isa = PBXFileReference; lastKnownFileType = sourcecode.swift; path = OnboardingStyles.swift; sourceTree = "<group>"; };
		E8F1A92492F2CBDB3EA0FE7C /* AppContext.swift */ = {isa = PBXFileReference; lastKnownFileType = sourcecode.swift; path = AppContext.swift; sourceTree = "<group>"; };
		EFF7E5FB937C59484CC841BC /* MenuBarPopoverView.swift */ = {isa = PBXFileReference; lastKnownFileType = sourcecode.swift; path = MenuBarPopoverView.swift; sourceTree = "<group>"; };
		F08F562B574040DAB01BCB16 /* AppDelegate.swift */ = {isa = PBXFileReference; lastKnownFileType = sourcecode.swift; path = AppDelegate.swift; sourceTree = "<group>"; };
		FBAC28B4CDAFC9698F760F72 /* MenuBarController.swift */ = {isa = PBXFileReference; lastKnownFileType = sourcecode.swift; path = MenuBarController.swift; sourceTree = "<group>"; };
		FE2039A425952346CFF25084 /* SettingsWindow.swift */ = {isa = PBXFileReference; lastKnownFileType = sourcecode.swift; path = SettingsWindow.swift; sourceTree = "<group>"; };
		FFC94593FA6329F1D50CDAF8 /* DistractionListManager.swift */ = {isa = PBXFileReference; lastKnownFileType = sourcecode.swift; path = DistractionListManager.swift; sourceTree = "<group>"; };
/* End PBXFileReference section */

/* Begin PBXGroup section */
		0BCF175BC904C1FD596E0E7F /* Models */ = {
			isa = PBXGroup;
			children = (
				D6CB79C892161E4E97E178B3 /* ActiveSession.swift */,
				E8F1A92492F2CBDB3EA0FE7C /* AppContext.swift */,
				B4682A463E2D559CE6B1D0AA /* SessionEvent.swift */,
				BE1329E346FFCBC05734B487 /* SessionState.swift */,
			);
			path = Models;
			sourceTree = "<group>";
		};
		11621B0FE05EA01F637C7C99 /* App */ = {
			isa = PBXGroup;
			children = (
				F08F562B574040DAB01BCB16 /* AppDelegate.swift */,
				CD42072323E1741B2CA7D798 /* main.swift */,
			);
			path = App;
			sourceTree = "<group>";
		};
		177F56578B715C904871CDBB /* Overlay */ = {
			isa = PBXGroup;
			children = (
				5C6C78E1D393609BD65FE32F /* OverlayManagerTests.swift */,
			);
			path = Overlay;
			sourceTree = "<group>";
		};
		1D50ED322E98D4C03E2B6542 /* Resources */ = {
			isa = PBXGroup;
			children = (
				89AE7E5AD320F836CAD0DA8A /* AppIcon.icns */,
				93B54E3FA8FB450EFF0ABF26 /* MenuBarIcon.png */,
				912CC0FB53139FAAD5B9FDEF /* MenuBarIcon@2x.png */,
				21323924F94BC23120C70971 /* MenuBarIcon@3x.png */,
				5FA51DB43C43364938E0CB92 /* Sounds */,
			);
			path = Resources;
			sourceTree = "<group>";
		};
		220081B85593182AE2DE8273 /* Models */ = {
			isa = PBXGroup;
			children = (
				328B7E551F55E78F4A6EC4AC /* AppContextTests.swift */,
				3058CF575725A76AA636A1E0 /* SessionEventTests.swift */,
				D63E9AC18838A3F1C03109E4 /* SessionStateTests.swift */,
			);
			path = Models;
			sourceTree = "<group>";
		};
		252CE8354A455CCA9CF1B2B6 /* Storage */ = {
			isa = PBXGroup;
			children = (
				57C7E97FA545B2D18F1E0640 /* DistractionListManagerTests.swift */,
				BFB9D0B03FFCB14312D69EE6 /* PreferencesManagerTests.swift */,
				D39F8978EADF73CC01A263C3 /* SessionStoreTests.swift */,
			);
			path = Storage;
			sourceTree = "<group>";
		};
		323955B3C0EC4CD0C6AA1E74 /* Onboarding */ = {
			isa = PBXGroup;
			children = (
				4F1AE35847255365E853F54B /* DistractionSelectorView.swift */,
				3982EC13444D3DD0C64C6289 /* FocusSelectorView.swift */,
				8E7DC41DB9DDAD4A01152904 /* HowItWorksStepView.swift */,
				E660DD81E6CC240E484CE4C7 /* OnboardingStyles.swift */,
				6378631B137FE7F61A108170 /* OnboardingView.swift */,
				39BFF095300ABF407B95F6C5 /* OnboardingWindow.swift */,
				7D1CEBAC830A614CA5BEAB45 /* PreferencesStepView.swift */,
				B78758D25CD8C999FD15A796 /* WelcomeStepView.swift */,
			);
			path = Onboarding;
			sourceTree = "<group>";
		};
		3AF6CF0194C0CC0B79CEBE33 /* Overlay */ = {
			isa = PBXGroup;
			children = (
				CA540ABA44677771255048D4 /* CountdownPillPanel.swift */,
				1220D6AE60C0F759D8296E1A /* CountdownPillView.swift */,
				146E5F04E3AE1CE070DE10AC /* DimOverlayWindow.swift */,
				CE2BCFE283D7CA4B2E2EB4BD /* EndSessionButton.swift */,
				1F501794C2A1138E0D5DC251 /* ExitTriggerPanel.swift */,
				9D9380E68D45E01039C348E7 /* ExitTriggerView.swift */,
				9BD6369C820607FA8CD93696 /* OverlayManager.swift */,
			);
			path = Overlay;
			sourceTree = "<group>";
		};
		431C9292A67C89F8CDEDB986 /* Audio */ = {
			isa = PBXGroup;
			children = (
				5D64DC7AD1EC0198BCD5278F /* AudioEngine.swift */,
			);
			path = Audio;
			sourceTree = "<group>";
		};
		4E483D5B99DE88434B978DCB /* Anchored */ = {
			isa = PBXGroup;
			children = (
				B02FBE2FC7D3ECBFDFD92E19 /* Info.plist */,
				11621B0FE05EA01F637C7C99 /* App */,
				431C9292A67C89F8CDEDB986 /* Audio */,
				6AE70E156CBA77BED8B9ABA9 /* Engine */,
				52005454F48A9A9BAC871A8F /* MenuBar */,
				0BCF175BC904C1FD596E0E7F /* Models */,
				323955B3C0EC4CD0C6AA1E74 /* Onboarding */,
				3AF6CF0194C0CC0B79CEBE33 /* Overlay */,
				1D50ED322E98D4C03E2B6542 /* Resources */,
				DF7D1D6ECC2A3257D3AEF9B8 /* Storage */,
			);
			path = Anchored;
			sourceTree = "<group>";
		};
		52005454F48A9A9BAC871A8F /* MenuBar */ = {
			isa = PBXGroup;
			children = (
				FBAC28B4CDAFC9698F760F72 /* MenuBarController.swift */,
				EFF7E5FB937C59484CC841BC /* MenuBarPopoverView.swift */,
				BEBBA0476F4D61399554B095 /* MenuBarViewModel.swift */,
				CEF014644781407A98F16872 /* SettingsView.swift */,
				FE2039A425952346CFF25084 /* SettingsWindow.swift */,
			);
			path = MenuBar;
			sourceTree = "<group>";
		};
		5681D984F33E1D123AF43A37 /* Products */ = {
			isa = PBXGroup;
			children = (
				066A5B1051D2A222D5AA0296 /* Anchored.app */,
				7CC5D407A725BBB868D49200 /* AnchoredTests.xctest */,
			);
			name = Products;
			sourceTree = "<group>";
		};
		5FA51DB43C43364938E0CB92 /* Sounds */ = {
			isa = PBXGroup;
			children = (
				E18E258662D42EBC6488F91A /* chime.aiff */,
				5D52C0CE67A0FE6BA7B1D6D0 /* pop.aiff */,
				59EFE8DE96A20C73B705EA1C /* tick.aiff */,
			);
			path = Sounds;
			sourceTree = "<group>";
		};
		6AE70E156CBA77BED8B9ABA9 /* Engine */ = {
			isa = PBXGroup;
			children = (
				791ECBB7CBC59FA58AD4C65B /* ActivityMonitor.swift */,
				055CF6259893555E64D5243E /* AppSwitchMonitor.swift */,
				15D53D97BECA3DCEAA8D230C /* FocusEngine.swift */,
				23322D309C3A9928241E1837 /* FocusEngineDelegate.swift */,
			);
			path = Engine;
			sourceTree = "<group>";
		};
		9E3717DDB8EFDEA4FBAD7CFA /* AnchoredTests */ = {
			isa = PBXGroup;
			children = (
				F7310A2E02EC9AAC0D6B5D71 /* Audio */,
				DD31F3BB10D92832B9C43E53 /* Engine */,
				220081B85593182AE2DE8273 /* Models */,
				177F56578B715C904871CDBB /* Overlay */,
				252CE8354A455CCA9CF1B2B6 /* Storage */,
			);
			path = AnchoredTests;
			sourceTree = "<group>";
		};
		A8B32B00144E73E6140A152C = {
			isa = PBXGroup;
			children = (
				4E483D5B99DE88434B978DCB /* Anchored */,
				9E3717DDB8EFDEA4FBAD7CFA /* AnchoredTests */,
				5681D984F33E1D123AF43A37 /* Products */,
			);
			sourceTree = "<group>";
		};
		DD31F3BB10D92832B9C43E53 /* Engine */ = {
			isa = PBXGroup;
			children = (
				8249D2E929A14657FA6CE113 /* FocusEngineTests.swift */,
			);
			path = Engine;
			sourceTree = "<group>";
		};
		DF7D1D6ECC2A3257D3AEF9B8 /* Storage */ = {
			isa = PBXGroup;
			children = (
				FFC94593FA6329F1D50CDAF8 /* DistractionListManager.swift */,
				9A2426D00ED298F6420B487C /* FocusListManager.swift */,
				BAA485DCC53DBCE8BCDC7282 /* PreferencesManager.swift */,
				C768E02CA065CA1D7DEE1FA1 /* SessionStore.swift */,
			);
			path = Storage;
			sourceTree = "<group>";
		};
		F7310A2E02EC9AAC0D6B5D71 /* Audio */ = {
			isa = PBXGroup;
			children = (
				A9B36915A7E4129AEE36A2A5 /* AudioEngineTests.swift */,
			);
			path = Audio;
			sourceTree = "<group>";
		};
/* End PBXGroup section */

/* Begin PBXNativeTarget section */
		656395DC293CF8C779EEE999 /* AnchoredTests */ = {
			isa = PBXNativeTarget;
			buildConfigurationList = A09E0CD49924A8A0A04FCF12 /* Build configuration list for PBXNativeTarget "AnchoredTests" */;
			buildPhases = (
				CD35FE1F2F9EC9EF2B4629DF /* Sources */,
			);
			buildRules = (
			);
			dependencies = (
				01C1A3B01D7D4D67F8A2DAD0 /* PBXTargetDependency */,
			);
			name = AnchoredTests;
			packageProductDependencies = (
			);
			productName = AnchoredTests;
			productReference = 7CC5D407A725BBB868D49200 /* AnchoredTests.xctest */;
			productType = "com.apple.product-type.bundle.unit-test";
		};
		B688C0B300C8B1EF44B70441 /* Anchored */ = {
			isa = PBXNativeTarget;
			buildConfigurationList = 68425B7E7DCF5EBBDDD34863 /* Build configuration list for PBXNativeTarget "Anchored" */;
			buildPhases = (
				F69122A11CF2E4B83A9E52CA /* Sources */,
				0374DD83F146D955EB2C64F0 /* Resources */,
			);
			buildRules = (
			);
			dependencies = (
			);
			name = Anchored;
			packageProductDependencies = (
			);
			productName = Anchored;
			productReference = 066A5B1051D2A222D5AA0296 /* Anchored.app */;
			productType = "com.apple.product-type.application";
		};
/* End PBXNativeTarget section */

/* Begin PBXProject section */
		FD84D49EF9D10B63AEDE9C76 /* Project object */ = {
			isa = PBXProject;
			attributes = {
				BuildIndependentTargetsInParallel = YES;
				LastUpgradeCheck = 1430;
				TargetAttributes = {
				};
			};
			buildConfigurationList = 0D189381B55F0EB1553182D1 /* Build configuration list for PBXProject "Anchored" */;
			developmentRegion = en;
			hasScannedForEncodings = 0;
			knownRegions = (
				Base,
				en,
			);
			mainGroup = A8B32B00144E73E6140A152C;
			minimizedProjectReferenceProxies = 1;
			preferredProjectObjectVersion = 77;
			productRefGroup = 5681D984F33E1D123AF43A37 /* Products */;
			projectDirPath = "";
			projectRoot = "";
			targets = (
				B688C0B300C8B1EF44B70441 /* Anchored */,
				656395DC293CF8C779EEE999 /* AnchoredTests */,
			);
		};
/* End PBXProject section */

/* Begin PBXResourcesBuildPhase section */
		0374DD83F146D955EB2C64F0 /* Resources */ = {
			isa = PBXResourcesBuildPhase;
			buildActionMask = 2147483647;
			files = (
				E30F62ED0C417B3D026E3858 /* AppIcon.icns in Resources */,
				CA116CB5CA56B753DD29959F /* MenuBarIcon.png in Resources */,
				5B9CB179C7AEE9AF51383A9C /* MenuBarIcon@2x.png in Resources */,
				DC1AF71419CFB4D036F029B2 /* MenuBarIcon@3x.png in Resources */,
				A4EF0466416ACE31970F3A48 /* chime.aiff in Resources */,
				CEBFC1B34CE169D1FE7F1AA3 /* pop.aiff in Resources */,
				E0F2E91C4228049F75557AB4 /* tick.aiff in Resources */,
			);
			runOnlyForDeploymentPostprocessing = 0;
		};
/* End PBXResourcesBuildPhase section */

/* Begin PBXSourcesBuildPhase section */
		CD35FE1F2F9EC9EF2B4629DF /* Sources */ = {
			isa = PBXSourcesBuildPhase;
			buildActionMask = 2147483647;
			files = (
				2DEB0051733BF8645D76D2D0 /* AppContextTests.swift in Sources */,
				8594FD93A2757E7B9EF71E7E /* AudioEngineTests.swift in Sources */,
				C5A6DADBADEA3B3FBC84BE28 /* DistractionListManagerTests.swift in Sources */,
				7F4F726FBF01671128DEC4F6 /* FocusEngineTests.swift in Sources */,
				8C2BAE29AE031C98BE99A30F /* OverlayManagerTests.swift in Sources */,
				08364B18C184672BC4DCC80D /* PreferencesManagerTests.swift in Sources */,
				2DB0FD11A2B1EF8A657F9629 /* SessionEventTests.swift in Sources */,
				688866CBB970EC1CD1809827 /* SessionStateTests.swift in Sources */,
				B1157FA3C895E7B9E23A50EF /* SessionStoreTests.swift in Sources */,
			);
			runOnlyForDeploymentPostprocessing = 0;
		};
		F69122A11CF2E4B83A9E52CA /* Sources */ = {
			isa = PBXSourcesBuildPhase;
			buildActionMask = 2147483647;
			files = (
				A8F3641E00DFEEA0E29DB743 /* ActiveSession.swift in Sources */,
				F5CBBF80ADDBA58309A763B3 /* ActivityMonitor.swift in Sources */,
				19C9E86A187110566C4B942E /* AppContext.swift in Sources */,
				731547692494E167DCDF3D64 /* AppDelegate.swift in Sources */,
				1E006078EAC0AA996A814127 /* AppSwitchMonitor.swift in Sources */,
				9F9817B5DB0EB81764C2EE9D /* AudioEngine.swift in Sources */,
				69CC66D5096A62F967A43B8A /* CountdownPillPanel.swift in Sources */,
				94C5E743F3E610D694EF5356 /* CountdownPillView.swift in Sources */,
				F98441E9E71E77D7B43C5CF0 /* DimOverlayWindow.swift in Sources */,
				88363A391ED629DD4D45F9AE /* DistractionListManager.swift in Sources */,
				E06A79F060159F8612E480F8 /* DistractionSelectorView.swift in Sources */,
				6290D5075FEED3A85EBFB9B0 /* EndSessionButton.swift in Sources */,
				1743D0D1F74C96658C4D3E4B /* ExitTriggerPanel.swift in Sources */,
				6242214FC28546CE056888BD /* ExitTriggerView.swift in Sources */,
				290767EA16581CB2A1169FDD /* FocusEngine.swift in Sources */,
				96C73D6D77CF269BA0DE321A /* FocusEngineDelegate.swift in Sources */,
				E35C3DBDC32DFFF3612FB630 /* FocusListManager.swift in Sources */,
				0C914BF8249E47E80F152B3B /* FocusSelectorView.swift in Sources */,
				EBF044A0F7DAB018B099A1F5 /* HowItWorksStepView.swift in Sources */,
				411980D973B29B0635325ECD /* MenuBarController.swift in Sources */,
				625FD3A22472B26DEA1FFD96 /* MenuBarPopoverView.swift in Sources */,
				33A1BC2B5EFC0D501623D580 /* MenuBarViewModel.swift in Sources */,
				5F48A46C45686C6963AD133C /* OnboardingStyles.swift in Sources */,
				CE83A9DE59657E38FC62B715 /* OnboardingView.swift in Sources */,
				8B1F82D99701CFF3D3AD729E /* OnboardingWindow.swift in Sources */,
				C093ABABEE8019EF980C59AB /* OverlayManager.swift in Sources */,
				6DDA8103ADEF9ABD89FFA8C6 /* PreferencesManager.swift in Sources */,
				262E8B40A3424BF45EC3C99E /* PreferencesStepView.swift in Sources */,
				9B843D63BA2A065C90DFE018 /* SessionEvent.swift in Sources */,
				AA290FE8060A7B67B0C6A886 /* SessionState.swift in Sources */,
				0898E1D909D479F2C79E4373 /* SessionStore.swift in Sources */,
				F04BB021A252DF3257FCF194 /* SettingsView.swift in Sources */,
				0CBDFB153E56918D82E80DAA /* SettingsWindow.swift in Sources */,
				36B3754E6E82E1AFA0C10577 /* WelcomeStepView.swift in Sources */,
				9D8BD1EE044B988F2D8961A2 /* main.swift in Sources */,
			);
			runOnlyForDeploymentPostprocessing = 0;
		};
/* End PBXSourcesBuildPhase section */

/* Begin PBXTargetDependency section */
		01C1A3B01D7D4D67F8A2DAD0 /* PBXTargetDependency */ = {
			isa = PBXTargetDependency;
			target = B688C0B300C8B1EF44B70441 /* Anchored */;
			targetProxy = 3C1C23DE5E75B107CB70CAC0 /* PBXContainerItemProxy */;
		};
/* End PBXTargetDependency section */

/* Begin XCBuildConfiguration section */
		56CE5AE7227410EC178AABE5 /* Release */ = {
			isa = XCBuildConfiguration;
			buildSettings = {
				BUNDLE_LOADER = "$(TEST_HOST)";
				COMBINE_HIDPI_IMAGES = YES;
				GENERATE_INFOPLIST_FILE = YES;
				LD_RUNPATH_SEARCH_PATHS = (
					"$(inherited)",
					"@executable_path/../Frameworks",
					"@loader_path/../Frameworks",
				);
				MACOSX_DEPLOYMENT_TARGET = 13.0;
				PRODUCT_BUNDLE_IDENTIFIER = com.varun.AnchoredTests;
				SDKROOT = macosx;
				SWIFT_VERSION = 5.7;
				TEST_HOST = "$(BUILT_PRODUCTS_DIR)/Anchored.app/Contents/MacOS/Anchored";
			};
			name = Release;
		};
		5F2C0874BEC39CC0EDA94A8B /* Release */ = {
			isa = XCBuildConfiguration;
			buildSettings = {
				ASSETCATALOG_COMPILER_APPICON_NAME = AppIcon;
				COMBINE_HIDPI_IMAGES = YES;
				INFOPLIST_FILE = Anchored/Info.plist;
				LD_RUNPATH_SEARCH_PATHS = (
					"$(inherited)",
					"@executable_path/../Frameworks",
				);
				MACOSX_DEPLOYMENT_TARGET = 13.0;
				PRODUCT_BUNDLE_IDENTIFIER = com.varun.Anchored;
				SDKROOT = macosx;
				SWIFT_VERSION = 5.7;
			};
			name = Release;
		};
		906E781E39F8B9267CAB9708 /* Release */ = {
			isa = XCBuildConfiguration;
			buildSettings = {
				ALWAYS_SEARCH_USER_PATHS = NO;
				CLANG_ANALYZER_NONNULL = YES;
				CLANG_ANALYZER_NUMBER_OBJECT_CONVERSION = YES_AGGRESSIVE;
				CLANG_CXX_LANGUAGE_STANDARD = "gnu++14";
				CLANG_CXX_LIBRARY = "libc++";
				CLANG_ENABLE_MODULES = YES;
				CLANG_ENABLE_OBJC_ARC = YES;
				CLANG_ENABLE_OBJC_WEAK = YES;
				CLANG_WARN_BLOCK_CAPTURE_AUTORELEASING = YES;
				CLANG_WARN_BOOL_CONVERSION = YES;
				CLANG_WARN_COMMA = YES;
				CLANG_WARN_CONSTANT_CONVERSION = YES;
				CLANG_WARN_DEPRECATED_OBJC_IMPLEMENTATIONS = YES;
				CLANG_WARN_DIRECT_OBJC_ISA_USAGE = YES_ERROR;
				CLANG_WARN_DOCUMENTATION_COMMENTS = YES;
				CLANG_WARN_EMPTY_BODY = YES;
				CLANG_WARN_ENUM_CONVERSION = YES;
				CLANG_WARN_INFINITE_RECURSION = YES;
				CLANG_WARN_INT_CONVERSION = YES;
				CLANG_WARN_NON_LITERAL_NULL_CONVERSION = YES;
				CLANG_WARN_OBJC_IMPLICIT_RETAIN_SELF = YES;
				CLANG_WARN_OBJC_LITERAL_CONVERSION = YES;
				CLANG_WARN_OBJC_ROOT_CLASS = YES_ERROR;
				CLANG_WARN_QUOTED_INCLUDE_IN_FRAMEWORK_HEADER = YES;
				CLANG_WARN_RANGE_LOOP_ANALYSIS = YES;
				CLANG_WARN_STRICT_PROTOTYPES = YES;
				CLANG_WARN_SUSPICIOUS_MOVE = YES;
				CLANG_WARN_UNGUARDED_AVAILABILITY = YES_AGGRESSIVE;
				CLANG_WARN_UNREACHABLE_CODE = YES;
				CLANG_WARN__DUPLICATE_METHOD_MATCH = YES;
				COPY_PHASE_STRIP = NO;
				DEBUG_INFORMATION_FORMAT = "dwarf-with-dsym";
				ENABLE_NS_ASSERTIONS = NO;
				ENABLE_STRICT_OBJC_MSGSEND = YES;
				GCC_C_LANGUAGE_STANDARD = gnu11;
				GCC_NO_COMMON_BLOCKS = YES;
				GCC_WARN_64_TO_32_BIT_CONVERSION = YES;
				GCC_WARN_ABOUT_RETURN_TYPE = YES_ERROR;
				GCC_WARN_UNDECLARED_SELECTOR = YES;
				GCC_WARN_UNINITIALIZED_AUTOS = YES_AGGRESSIVE;
				GCC_WARN_UNUSED_FUNCTION = YES;
				GCC_WARN_UNUSED_VARIABLE = YES;
				MTL_ENABLE_DEBUG_INFO = NO;
				MTL_FAST_MATH = YES;
				PRODUCT_NAME = "$(TARGET_NAME)";
				SDKROOT = macosx;
				SWIFT_COMPILATION_MODE = wholemodule;
				SWIFT_OPTIMIZATION_LEVEL = "-O";
				SWIFT_VERSION = 5.0;
			};
			name = Release;
		};
		9751D116739EDC8ECE096A28 /* Debug */ = {
			isa = XCBuildConfiguration;
			buildSettings = {
				BUNDLE_LOADER = "$(TEST_HOST)";
				COMBINE_HIDPI_IMAGES = YES;
				GENERATE_INFOPLIST_FILE = YES;
				LD_RUNPATH_SEARCH_PATHS = (
					"$(inherited)",
					"@executable_path/../Frameworks",
					"@loader_path/../Frameworks",
				);
				MACOSX_DEPLOYMENT_TARGET = 13.0;
				PRODUCT_BUNDLE_IDENTIFIER = com.varun.AnchoredTests;
				SDKROOT = macosx;
				SWIFT_VERSION = 5.7;
				TEST_HOST = "$(BUILT_PRODUCTS_DIR)/Anchored.app/Contents/MacOS/Anchored";
			};
			name = Debug;
		};
		D74E10E768A40F6B32051A39 /* Debug */ = {
			isa = XCBuildConfiguration;
			buildSettings = {
				ALWAYS_SEARCH_USER_PATHS = NO;
				CLANG_ANALYZER_NONNULL = YES;
				CLANG_ANALYZER_NUMBER_OBJECT_CONVERSION = YES_AGGRESSIVE;
				CLANG_CXX_LANGUAGE_STANDARD = "gnu++14";
				CLANG_CXX_LIBRARY = "libc++";
				CLANG_ENABLE_MODULES = YES;
				CLANG_ENABLE_OBJC_ARC = YES;
				CLANG_ENABLE_OBJC_WEAK = YES;
				CLANG_WARN_BLOCK_CAPTURE_AUTORELEASING = YES;
				CLANG_WARN_BOOL_CONVERSION = YES;
				CLANG_WARN_COMMA = YES;
				CLANG_WARN_CONSTANT_CONVERSION = YES;
				CLANG_WARN_DEPRECATED_OBJC_IMPLEMENTATIONS = YES;
				CLANG_WARN_DIRECT_OBJC_ISA_USAGE = YES_ERROR;
				CLANG_WARN_DOCUMENTATION_COMMENTS = YES;
				CLANG_WARN_EMPTY_BODY = YES;
				CLANG_WARN_ENUM_CONVERSION = YES;
				CLANG_WARN_INFINITE_RECURSION = YES;
				CLANG_WARN_INT_CONVERSION = YES;
				CLANG_WARN_NON_LITERAL_NULL_CONVERSION = YES;
				CLANG_WARN_OBJC_IMPLICIT_RETAIN_SELF = YES;
				CLANG_WARN_OBJC_LITERAL_CONVERSION = YES;
				CLANG_WARN_OBJC_ROOT_CLASS = YES_ERROR;
				CLANG_WARN_QUOTED_INCLUDE_IN_FRAMEWORK_HEADER = YES;
				CLANG_WARN_RANGE_LOOP_ANALYSIS = YES;
				CLANG_WARN_STRICT_PROTOTYPES = YES;
				CLANG_WARN_SUSPICIOUS_MOVE = YES;
				CLANG_WARN_UNGUARDED_AVAILABILITY = YES_AGGRESSIVE;
				CLANG_WARN_UNREACHABLE_CODE = YES;
				CLANG_WARN__DUPLICATE_METHOD_MATCH = YES;
				COPY_PHASE_STRIP = NO;
				DEBUG_INFORMATION_FORMAT = dwarf;
				ENABLE_STRICT_OBJC_MSGSEND = YES;
				ENABLE_TESTABILITY = YES;
				GCC_C_LANGUAGE_STANDARD = gnu11;
				GCC_DYNAMIC_NO_PIC = NO;
				GCC_NO_COMMON_BLOCKS = YES;
				GCC_OPTIMIZATION_LEVEL = 0;
				GCC_PREPROCESSOR_DEFINITIONS = (
					"$(inherited)",
					"DEBUG=1",
				);
				GCC_WARN_64_TO_32_BIT_CONVERSION = YES;
				GCC_WARN_ABOUT_RETURN_TYPE = YES_ERROR;
				GCC_WARN_UNDECLARED_SELECTOR = YES;
				GCC_WARN_UNINITIALIZED_AUTOS = YES_AGGRESSIVE;
				GCC_WARN_UNUSED_FUNCTION = YES;
				GCC_WARN_UNUSED_VARIABLE = YES;
				MTL_ENABLE_DEBUG_INFO = INCLUDE_SOURCE;
				MTL_FAST_MATH = YES;
				ONLY_ACTIVE_ARCH = YES;
				PRODUCT_NAME = "$(TARGET_NAME)";
				SDKROOT = macosx;
				SWIFT_ACTIVE_COMPILATION_CONDITIONS = DEBUG;
				SWIFT_OPTIMIZATION_LEVEL = "-Onone";
				SWIFT_VERSION = 5.0;
			};
			name = Debug;
		};
		F4C291846DD90CFF50857A39 /* Debug */ = {
			isa = XCBuildConfiguration;
			buildSettings = {
				ASSETCATALOG_COMPILER_APPICON_NAME = AppIcon;
				COMBINE_HIDPI_IMAGES = YES;
				INFOPLIST_FILE = Anchored/Info.plist;
				LD_RUNPATH_SEARCH_PATHS = (
					"$(inherited)",
					"@executable_path/../Frameworks",
				);
				MACOSX_DEPLOYMENT_TARGET = 13.0;
				PRODUCT_BUNDLE_IDENTIFIER = com.varun.Anchored;
				SDKROOT = macosx;
				SWIFT_VERSION = 5.7;
			};
			name = Debug;
		};
/* End XCBuildConfiguration section */

/* Begin XCConfigurationList section */
		0D189381B55F0EB1553182D1 /* Build configuration list for PBXProject "Anchored" */ = {
			isa = XCConfigurationList;
			buildConfigurations = (
				D74E10E768A40F6B32051A39 /* Debug */,
				906E781E39F8B9267CAB9708 /* Release */,
			);
			defaultConfigurationIsVisible = 0;
			defaultConfigurationName = Debug;
		};
		68425B7E7DCF5EBBDDD34863 /* Build configuration list for PBXNativeTarget "Anchored" */ = {
			isa = XCConfigurationList;
			buildConfigurations = (
				F4C291846DD90CFF50857A39 /* Debug */,
				5F2C0874BEC39CC0EDA94A8B /* Release */,
			);
			defaultConfigurationIsVisible = 0;
			defaultConfigurationName = Debug;
		};
		A09E0CD49924A8A0A04FCF12 /* Build configuration list for PBXNativeTarget "AnchoredTests" */ = {
			isa = XCConfigurationList;
			buildConfigurations = (
				9751D116739EDC8ECE096A28 /* Debug */,
				56CE5AE7227410EC178AABE5 /* Release */,
			);
			defaultConfigurationIsVisible = 0;
			defaultConfigurationName = Debug;
		};
/* End XCConfigurationList section */
	};
	rootObject = FD84D49EF9D10B63AEDE9C76 /* Project object */;
}
